
Microsoft Visual Studio Solution File, Format Version 12.00
# Visual Studio 2013
VisualStudioVersion = 12.0.31101.0
MinimumVisualStudioVersion = 10.0.40219.1
Project("{FAE04EC0-301F-11D3-BF4B-00C04F79EFBC}") = "UnitTests", "Barchart.MarketData.UnitTests\UnitTests.csproj", "{1627A041-96FD-4983-84B4-82393F20CA1A}"
EndProject
Project("{FAE04EC0-301F-11D3-BF4B-00C04F79EFBC}") = "Service", "Barchart.MarketData.Service\Service.csproj", "{8661AD9E-724F-425D-942E-ACEC2931774E}"
EndProject
Project("{FAE04EC0-301F-11D3-BF4B-00C04F79EFBC}") = "Models", "Models\Models.csproj", "{3B7B5C53-7A0E-4A9F-A7CE-C41F92FD717B}"
EndProject
Global
	GlobalSection(SolutionConfigurationPlatforms) = preSolution
		Debug|Any CPU = Debug|Any CPU
		Release|Any CPU = Release|Any CPU
	EndGlobalSection
	GlobalSection(ProjectConfigurationPlatforms) = postSolution
		{1627A041-96FD-4983-84B4-82393F20CA1A}.Debug|Any CPU.ActiveCfg = Debug|Any CPU
		{1627A041-96FD-4983-84B4-82393F20CA1A}.Debug|Any CPU.Build.0 = Debug|Any CPU
		{1627A041-96FD-4983-84B4-82393F20CA1A}.Release|Any CPU.ActiveCfg = Release|Any CPU
		{1627A041-96FD-4983-84B4-82393F20CA1A}.Release|Any CPU.Build.0 = Release|Any CPU
		{8661AD9E-724F-425D-942E-ACEC2931774E}.Debug|Any CPU.ActiveCfg = Debug|Any CPU
		{8661AD9E-724F-425D-942E-ACEC2931774E}.Debug|Any CPU.Build.0 = Debug|Any CPU
		{8661AD9E-724F-425D-942E-ACEC2931774E}.Release|Any CPU.ActiveCfg = Release|Any CPU
		{8661AD9E-724F-425D-942E-ACEC2931774E}.Release|Any CPU.Build.0 = Release|Any CPU
		{3B7B5C53-7A0E-4A9F-A7CE-C41F92FD717B}.Debug|Any CPU.ActiveCfg = Debug|Any CPU
		{3B7B5C53-7A0E-4A9F-A7CE-C41F92FD717B}.Debug|Any CPU.Build.0 = Debug|Any CPU
		{3B7B5C53-7A0E-4A9F-A7CE-C41F92FD717B}.Release|Any CPU.ActiveCfg = Release|Any CPU
		{3B7B5C53-7A0E-4A9F-A7CE-C41F92FD717B}.Release|Any CPU.Build.0 = Release|Any CPU
	EndGlobalSection
	GlobalSection(SolutionProperties) = preSolution
		HideSolutionNode = FALSE
	EndGlobalSection
EndGlobal
